
Microsoft Visual Studio Solution File, Format Version 12.00
# Visual Studio Version 17
VisualStudioVersion = 17.4.33205.214
MinimumVisualStudioVersion = 10.0.40219.1
Project("{9A19103F-16F7-4668-BE54-9A1E7A4F7556}") = "IssueReporting.Api", "IssueReporting\IssueReporting.Api.csproj", "{0C8CE43C-B5AF-453A-A60D-F20E732F053E}"
EndProject
Project("{9A19103F-16F7-4668-BE54-9A1E7A4F7556}") = "IssueReporting.Contracts", "IssueReporting.Contracts\IssueReporting.Contracts.csproj", "{EA19E087-1641-4C62-8470-0DDC7E807B63}"
EndProject
Project("{9A19103F-16F7-4668-BE54-9A1E7A4F7556}") = "IssueReporting.DataAccess", "IssueReporting.DataAccess\IssueReporting.DataAccess.csproj", "{5D1FC15B-D4BA-48DB-85B2-7F8B904042A6}"
EndProject
Project("{9A19103F-16F7-4668-BE54-9A1E7A4F7556}") = "IssueReporting.Domain", "IssueReporting.Domain\IssueReporting.Domain.csproj", "{EBFC620C-342E-440E-BB4D-79DDE9B2B2B7}"
EndProject
Project("{9A19103F-16F7-4668-BE54-9A1E7A4F7556}") = "IssueReporting.Services", "IssueReporting.Services\IssueReporting.Services.csproj", "{79D619A6-D11B-4DB5-86E3-74458F0BC47E}"
EndProject
Global
	GlobalSection(SolutionConfigurationPlatforms) = preSolution
		Debug|Any CPU = Debug|Any CPU
		Release|Any CPU = Release|Any CPU
	EndGlobalSection
	GlobalSection(ProjectConfigurationPlatforms) = postSolution
		{0C8CE43C-B5AF-453A-A60D-F20E732F053E}.Debug|Any CPU.ActiveCfg = Debug|Any CPU
		{0C8CE43C-B5AF-453A-A60D-F20E732F053E}.Debug|Any CPU.Build.0 = Debug|Any CPU
		{0C8CE43C-B5AF-453A-A60D-F20E732F053E}.Release|Any CPU.ActiveCfg = Release|Any CPU
		{0C8CE43C-B5AF-453A-A60D-F20E732F053E}.Release|Any CPU.Build.0 = Release|Any CPU
		{EA19E087-1641-4C62-8470-0DDC7E807B63}.Debug|Any CPU.ActiveCfg = Debug|Any CPU
		{EA19E087-1641-4C62-8470-0DDC7E807B63}.Debug|Any CPU.Build.0 = Debug|Any CPU
		{EA19E087-1641-4C62-8470-0DDC7E807B63}.Release|Any CPU.ActiveCfg = Release|Any CPU
		{EA19E087-1641-4C62-8470-0DDC7E807B63}.Release|Any CPU.Build.0 = Release|Any CPU
		{5D1FC15B-D4BA-48DB-85B2-7F8B904042A6}.Debug|Any CPU.ActiveCfg = Debug|Any CPU
		{5D1FC15B-D4BA-48DB-85B2-7F8B904042A6}.Debug|Any CPU.Build.0 = Debug|Any CPU
		{5D1FC15B-D4BA-48DB-85B2-7F8B904042A6}.Release|Any CPU.ActiveCfg = Release|Any CPU
		{5D1FC15B-D4BA-48DB-85B2-7F8B904042A6}.Release|Any CPU.Build.0 = Release|Any CPU
		{EBFC620C-342E-440E-BB4D-79DDE9B2B2B7}.Debug|Any CPU.ActiveCfg = Debug|Any CPU
		{EBFC620C-342E-440E-BB4D-79DDE9B2B2B7}.Debug|Any CPU.Build.0 = Debug|Any CPU
		{EBFC620C-342E-440E-BB4D-79DDE9B2B2B7}.Release|Any CPU.ActiveCfg = Release|Any CPU
		{EBFC620C-342E-440E-BB4D-79DDE9B2B2B7}.Release|Any CPU.Build.0 = Release|Any CPU
		{79D619A6-D11B-4DB5-86E3-74458F0BC47E}.Debug|Any CPU.ActiveCfg = Debug|Any CPU
		{79D619A6-D11B-4DB5-86E3-74458F0BC47E}.Debug|Any CPU.Build.0 = Debug|Any CPU
		{79D619A6-D11B-4DB5-86E3-74458F0BC47E}.Release|Any CPU.ActiveCfg = Release|Any CPU
		{79D619A6-D11B-4DB5-86E3-74458F0BC47E}.Release|Any CPU.Build.0 = Release|Any CPU
	EndGlobalSection
	GlobalSection(SolutionProperties) = preSolution
		HideSolutionNode = FALSE
	EndGlobalSection
	GlobalSection(ExtensibilityGlobals) = postSolution
		SolutionGuid = {FFD9DEA5-6376-4C1C-B035-53C7A4B533F0}
	EndGlobalSection
EndGlobal
